
Microsoft Visual Studio Solution File, Format Version 12.00
# Visual Studio Version 16
VisualStudioVersion = 16.0.32228.343
MinimumVisualStudioVersion = 10.0.40219.1
Project("{FAE04EC0-301F-11D3-BF4B-00C04F79EFBC}") = "DAL", "DAL\DAL.csproj", "{C6AA48D5-5628-4D6E-8524-ECBE4D65420B}"
EndProject
Project("{FAE04EC0-301F-11D3-BF4B-00C04F79EFBC}") = "BLL", "BLL\BLL.csproj", "{D7D8E377-9E53-41EE-8843-69CAACE10248}"
EndProject
Project("{FAE04EC0-301F-11D3-BF4B-00C04F79EFBC}") = "Entities", "Entities\Entities.csproj", "{21C3D30D-D542-4AB0-BDAF-2E5428C0ECF0}"
EndProject
Project("{FAE04EC0-301F-11D3-BF4B-00C04F79EFBC}") = "WEB.UI.AdminPanel", "WEB.UI.AdminPanel\WEB.UI.AdminPanel.csproj", "{EE431026-DF45-4B69-A005-74FFD5DE5625}"
EndProject
Global
	GlobalSection(SolutionConfigurationPlatforms) = preSolution
		Debug|Any CPU = Debug|Any CPU
		Release|Any CPU = Release|Any CPU
	EndGlobalSection
	GlobalSection(ProjectConfigurationPlatforms) = postSolution
		{C6AA48D5-5628-4D6E-8524-ECBE4D65420B}.Debug|Any CPU.ActiveCfg = Debug|Any CPU
		{C6AA48D5-5628-4D6E-8524-ECBE4D65420B}.Debug|Any CPU.Build.0 = Debug|Any CPU
		{C6AA48D5-5628-4D6E-8524-ECBE4D65420B}.Release|Any CPU.ActiveCfg = Release|Any CPU
		{C6AA48D5-5628-4D6E-8524-ECBE4D65420B}.Release|Any CPU.Build.0 = Release|Any CPU
		{D7D8E377-9E53-41EE-8843-69CAACE10248}.Debug|Any CPU.ActiveCfg = Debug|Any CPU
		{D7D8E377-9E53-41EE-8843-69CAACE10248}.Debug|Any CPU.Build.0 = Debug|Any CPU
		{D7D8E377-9E53-41EE-8843-69CAACE10248}.Release|Any CPU.ActiveCfg = Release|Any CPU
		{D7D8E377-9E53-41EE-8843-69CAACE10248}.Release|Any CPU.Build.0 = Release|Any CPU
		{21C3D30D-D542-4AB0-BDAF-2E5428C0ECF0}.Debug|Any CPU.ActiveCfg = Debug|Any CPU
		{21C3D30D-D542-4AB0-BDAF-2E5428C0ECF0}.Debug|Any CPU.Build.0 = Debug|Any CPU
		{21C3D30D-D542-4AB0-BDAF-2E5428C0ECF0}.Release|Any CPU.ActiveCfg = Release|Any CPU
		{21C3D30D-D542-4AB0-BDAF-2E5428C0ECF0}.Release|Any CPU.Build.0 = Release|Any CPU
		{EE431026-DF45-4B69-A005-74FFD5DE5625}.Debug|Any CPU.ActiveCfg = Debug|Any CPU
		{EE431026-DF45-4B69-A005-74FFD5DE5625}.Debug|Any CPU.Build.0 = Debug|Any CPU
		{EE431026-DF45-4B69-A005-74FFD5DE5625}.Release|Any CPU.ActiveCfg = Release|Any CPU
		{EE431026-DF45-4B69-A005-74FFD5DE5625}.Release|Any CPU.Build.0 = Release|Any CPU
	EndGlobalSection
	GlobalSection(SolutionProperties) = preSolution
		HideSolutionNode = FALSE
	EndGlobalSection
	GlobalSection(ExtensibilityGlobals) = postSolution
		SolutionGuid = {B3E59F4E-3A2F-4747-8163-C6A8BF79D67F}
	EndGlobalSection
EndGlobal
